// !$*UTF8*$!
{
	archiveVersion = 1;
	classes = {
	};
	objectVersion = 48;
	objects = {

/* Begin PBXBuildFile section */
		58DB4EA5FB5EF0A34D8EA2A4 /* Pods_IOSExampleTests.framework in Frameworks */ = {isa = PBXBuildFile; fileRef = BDCADD0C6E36E2842916DD2A /* Pods_IOSExampleTests.framework */; };
		6361130B7F119231CF974BE0 /* Pods_IOSExampleUITests.framework in Frameworks */ = {isa = PBXBuildFile; fileRef = A158D3C876E64AFFF3045528 /* Pods_IOSExampleUITests.framework */; };
		643AB15AC8B3B6C915899242 /* Pods_IOSExample.framework in Frameworks */ = {isa = PBXBuildFile; fileRef = A83AD1C0081D7CF850994830 /* Pods_IOSExample.framework */; };
		B912DFCC1F87E2FC00D7C7E8 /* songs.mp3 in Resources */ = {isa = PBXBuildFile; fileRef = B912DFCB1F87C22100D7C7E8 /* songs.mp3 */; };
		B912DFCE1F87E46100D7C7E8 /* ddd.mp3 in Resources */ = {isa = PBXBuildFile; fileRef = B912DFCD1F87E40C00D7C7E8 /* ddd.mp3 */; };
		B91670A51F88448900F18467 /* SaveAudio.swift in Sources */ = {isa = PBXBuildFile; fileRef = B91670A41F88448900F18467 /* SaveAudio.swift */; };
		B91670A71F88543900F18467 /* FileChecker.swift in Sources */ = {isa = PBXBuildFile; fileRef = B91670A61F88543900F18467 /* FileChecker.swift */; };
		B91670A91F88593800F18467 /* SaveMedia.swift in Sources */ = {isa = PBXBuildFile; fileRef = B91670A81F88593800F18467 /* SaveMedia.swift */; };
		B91670AB1F8884BB00F18467 /* PlayMediaUrl.swift in Sources */ = {isa = PBXBuildFile; fileRef = B91670AA1F8884BB00F18467 /* PlayMediaUrl.swift */; };
		B91670AD1F88878A00F18467 /* UnzipStoryboard.storyboard in Resources */ = {isa = PBXBuildFile; fileRef = B91670AC1F88878A00F18467 /* UnzipStoryboard.storyboard */; };
		B91670B01F8887A700F18467 /* UnzipViewController.swift in Sources */ = {isa = PBXBuildFile; fileRef = B91670AF1F8887A700F18467 /* UnzipViewController.swift */; };
		B93D91D51F8B564F001A0B8E /* SocialMediaStoryboard.storyboard in Resources */ = {isa = PBXBuildFile; fileRef = B93D91D41F8B564F001A0B8E /* SocialMediaStoryboard.storyboard */; };
		B93D91D81F8B5668001A0B8E /* SocialMediaViewController.swift in Sources */ = {isa = PBXBuildFile; fileRef = B93D91D71F8B5668001A0B8E /* SocialMediaViewController.swift */; };
		B93D91EE1F8B7C16001A0B8E /* FacebookStoryboard.storyboard in Resources */ = {isa = PBXBuildFile; fileRef = B93D91ED1F8B7C16001A0B8E /* FacebookStoryboard.storyboard */; };
		B93D91F01F8B7C2F001A0B8E /* FacebookViewController.swift in Sources */ = {isa = PBXBuildFile; fileRef = B93D91EF1F8B7C2F001A0B8E /* FacebookViewController.swift */; };
		B94698591F7D49AB008985B9 /* AppDelegate.swift in Sources */ = {isa = PBXBuildFile; fileRef = B94698581F7D49AB008985B9 /* AppDelegate.swift */; };
		B946985B1F7D49AB008985B9 /* ViewController.swift in Sources */ = {isa = PBXBuildFile; fileRef = B946985A1F7D49AB008985B9 /* ViewController.swift */; };
		B946985E1F7D49AB008985B9 /* Main.storyboard in Resources */ = {isa = PBXBuildFile; fileRef = B946985C1F7D49AB008985B9 /* Main.storyboard */; };
		B94698601F7D49AB008985B9 /* Assets.xcassets in Resources */ = {isa = PBXBuildFile; fileRef = B946985F1F7D49AB008985B9 /* Assets.xcassets */; };
		B94698631F7D49AB008985B9 /* LaunchScreen.storyboard in Resources */ = {isa = PBXBuildFile; fileRef = B94698611F7D49AB008985B9 /* LaunchScreen.storyboard */; };
		B946986E1F7D49AC008985B9 /* IOSExampleTests.swift in Sources */ = {isa = PBXBuildFile; fileRef = B946986D1F7D49AC008985B9 /* IOSExampleTests.swift */; };
		B94698791F7D49AC008985B9 /* IOSExampleUITests.swift in Sources */ = {isa = PBXBuildFile; fileRef = B94698781F7D49AC008985B9 /* IOSExampleUITests.swift */; };
		B94698871F7D50B9008985B9 /* TimerStoryboard.storyboard in Resources */ = {isa = PBXBuildFile; fileRef = B94698861F7D50B9008985B9 /* TimerStoryboard.storyboard */; };
		B94698891F7D50D8008985B9 /* TimerControllerViewController.swift in Sources */ = {isa = PBXBuildFile; fileRef = B94698881F7D50D8008985B9 /* TimerControllerViewController.swift */; };
		B946988C1F7D540A008985B9 /* MyTabelCellTableViewCell.swift in Sources */ = {isa = PBXBuildFile; fileRef = B946988B1F7D540A008985B9 /* MyTabelCellTableViewCell.swift */; };
		B946988E1F7D6150008985B9 /* Stories.swift in Sources */ = {isa = PBXBuildFile; fileRef = B946988D1F7D6150008985B9 /* Stories.swift */; };
		B94698901F7D63AC008985B9 /* Person.swift in Sources */ = {isa = PBXBuildFile; fileRef = B946988F1F7D63AC008985B9 /* Person.swift */; };
		B94698921F7D646D008985B9 /* JsonStoryboard.storyboard in Resources */ = {isa = PBXBuildFile; fileRef = B94698911F7D646D008985B9 /* JsonStoryboard.storyboard */; };
		B94698951F7D64A1008985B9 /* JsonViewController.swift in Sources */ = {isa = PBXBuildFile; fileRef = B94698941F7D64A1008985B9 /* JsonViewController.swift */; };
		B94698971F7D64DF008985B9 /* Feroz.swift in Sources */ = {isa = PBXBuildFile; fileRef = B94698961F7D64DF008985B9 /* Feroz.swift */; };
		B946989C1F7D656E008985B9 /* HttpCall.swift in Sources */ = {isa = PBXBuildFile; fileRef = B946989B1F7D656E008985B9 /* HttpCall.swift */; };
		B946989F1F7D75BA008985B9 /* Task.swift in Sources */ = {isa = PBXBuildFile; fileRef = B946989E1F7D75BA008985B9 /* Task.swift */; };
		B94698A51F7D95AB008985B9 /* CollectionStoryboard.storyboard in Resources */ = {isa = PBXBuildFile; fileRef = B94698A41F7D95AB008985B9 /* CollectionStoryboard.storyboard */; };
		B94698A81F7D95CC008985B9 /* CollectionViewController.swift in Sources */ = {isa = PBXBuildFile; fileRef = B94698A71F7D95CC008985B9 /* CollectionViewController.swift */; };
		B94698AA1F7DA012008985B9 /* CollectionViewCell.swift in Sources */ = {isa = PBXBuildFile; fileRef = B94698A91F7DA012008985B9 /* CollectionViewCell.swift */; };
		B94698AC1F7E73D3008985B9 /* FirebaseStoryboard.storyboard in Resources */ = {isa = PBXBuildFile; fileRef = B94698AB1F7E73D3008985B9 /* FirebaseStoryboard.storyboard */; };
		B94698AF1F7E73F7008985B9 /* FirebaseViewController.swift in Sources */ = {isa = PBXBuildFile; fileRef = B94698AE1F7E73F7008985B9 /* FirebaseViewController.swift */; };
		B98B61C11F857DB90058353C /* GoogleService-Info.plist in Resources */ = {isa = PBXBuildFile; fileRef = B98B61BF1F857CF30058353C /* GoogleService-Info.plist */; };
		B98B61C31F85888A0058353C /* UICollectionStoryboard.storyboard in Resources */ = {isa = PBXBuildFile; fileRef = B98B61C21F85888A0058353C /* UICollectionStoryboard.storyboard */; };
		B98B61C81F8589160058353C /* ImageCollectionViewCell.swift in Sources */ = {isa = PBXBuildFile; fileRef = B98B61C71F8589160058353C /* ImageCollectionViewCell.swift */; };
		B98B61CA1F858AC10058353C /* UICollectionsViewController.swift in Sources */ = {isa = PBXBuildFile; fileRef = B98B61C91F858AC10058353C /* UICollectionsViewController.swift */; };
		B98B61CE1F864E7E0058353C /* NavigationStoryboard.storyboard in Resources */ = {isa = PBXBuildFile; fileRef = B98B61CD1F864E7E0058353C /* NavigationStoryboard.storyboard */; };
		B98B61D11F864EAB0058353C /* NavigationViewController.swift in Sources */ = {isa = PBXBuildFile; fileRef = B98B61D01F864EAB0058353C /* NavigationViewController.swift */; };
		B98B61D31F866B390058353C /* PageStoryboard.storyboard in Resources */ = {isa = PBXBuildFile; fileRef = B98B61D21F866B390058353C /* PageStoryboard.storyboard */; };
		B98B61D81F866C270058353C /* PageViewController.swift in Sources */ = {isa = PBXBuildFile; fileRef = B98B61D71F866C270058353C /* PageViewController.swift */; };
		B98B61DD1F8687310058353C /* MediaViewController.swift in Sources */ = {isa = PBXBuildFile; fileRef = B98B61DC1F8687310058353C /* MediaViewController.swift */; };
		B98B61DF1F8687500058353C /* MediaStoryboard.storyboard in Resources */ = {isa = PBXBuildFile; fileRef = B98B61DE1F8687500058353C /* MediaStoryboard.storyboard */; };
		B98BCA8F1F8BD19B00B1EDD7 /* LinkedInStoryboard.storyboard in Resources */ = {isa = PBXBuildFile; fileRef = B98BCA8E1F8BD19B00B1EDD7 /* LinkedInStoryboard.storyboard */; };
		B98BCA911F8BD1AA00B1EDD7 /* LinkedInViewController.swift in Sources */ = {isa = PBXBuildFile; fileRef = B98BCA901F8BD1AA00B1EDD7 /* LinkedInViewController.swift */; };
/* End PBXBuildFile section */

/* Begin PBXContainerItemProxy section */
		B946986A1F7D49AC008985B9 /* PBXContainerItemProxy */ = {
			isa = PBXContainerItemProxy;
			containerPortal = B946984D1F7D49AB008985B9 /* Project object */;
			proxyType = 1;
			remoteGlobalIDString = B94698541F7D49AB008985B9;
			remoteInfo = IOSExample;
		};
		B94698751F7D49AC008985B9 /* PBXContainerItemProxy */ = {
			isa = PBXContainerItemProxy;
			containerPortal = B946984D1F7D49AB008985B9 /* Project object */;
			proxyType = 1;
			remoteGlobalIDString = B94698541F7D49AB008985B9;
			remoteInfo = IOSExample;
		};
/* End PBXContainerItemProxy section */

/* Begin PBXFileReference section */
		08A5CA7658B9677B8C2FE405 /* Pods-IOSExampleUITests.release.xcconfig */ = {isa = PBXFileReference; includeInIndex = 1; lastKnownFileType = text.xcconfig; name = "Pods-IOSExampleUITests.release.xcconfig"; path = "Pods/Target Support Files/Pods-IOSExampleUITests/Pods-IOSExampleUITests.release.xcconfig"; sourceTree = "<group>"; };
		10220C4DF1CA15E82152F790 /* Pods-IOSExample.debug.xcconfig */ = {isa = PBXFileReference; includeInIndex = 1; lastKnownFileType = text.xcconfig; name = "Pods-IOSExample.debug.xcconfig"; path = "Pods/Target Support Files/Pods-IOSExample/Pods-IOSExample.debug.xcconfig"; sourceTree = "<group>"; };
		1918B816A24FB550EAA68003 /* Pods-IOSExampleUITests.debug.xcconfig */ = {isa = PBXFileReference; includeInIndex = 1; lastKnownFileType = text.xcconfig; name = "Pods-IOSExampleUITests.debug.xcconfig"; path = "Pods/Target Support Files/Pods-IOSExampleUITests/Pods-IOSExampleUITests.debug.xcconfig"; sourceTree = "<group>"; };
		2C03C40E53341F056FD7F915 /* Pods-IOSExampleTests.debug.xcconfig */ = {isa = PBXFileReference; includeInIndex = 1; lastKnownFileType = text.xcconfig; name = "Pods-IOSExampleTests.debug.xcconfig"; path = "Pods/Target Support Files/Pods-IOSExampleTests/Pods-IOSExampleTests.debug.xcconfig"; sourceTree = "<group>"; };
		32B9036B0CEE3BB9CCFF5162 /* Pods-IOSExampleTests.release.xcconfig */ = {isa = PBXFileReference; includeInIndex = 1; lastKnownFileType = text.xcconfig; name = "Pods-IOSExampleTests.release.xcconfig"; path = "Pods/Target Support Files/Pods-IOSExampleTests/Pods-IOSExampleTests.release.xcconfig"; sourceTree = "<group>"; };
		A158D3C876E64AFFF3045528 /* Pods_IOSExampleUITests.framework */ = {isa = PBXFileReference; explicitFileType = wrapper.framework; includeInIndex = 0; path = Pods_IOSExampleUITests.framework; sourceTree = BUILT_PRODUCTS_DIR; };
		A83AD1C0081D7CF850994830 /* Pods_IOSExample.framework */ = {isa = PBXFileReference; explicitFileType = wrapper.framework; includeInIndex = 0; path = Pods_IOSExample.framework; sourceTree = BUILT_PRODUCTS_DIR; };
		B912DFCB1F87C22100D7C7E8 /* songs.mp3 */ = {isa = PBXFileReference; lastKnownFileType = audio.mp3; name = songs.mp3; path = ../../../Downloads/songs.mp3; sourceTree = "<group>"; };
		B912DFCD1F87E40C00D7C7E8 /* ddd.mp3 */ = {isa = PBXFileReference; lastKnownFileType = audio.mp3; name = ddd.mp3; path = ../../../Downloads/ddd.mp3; sourceTree = "<group>"; };
		B91670A41F88448900F18467 /* SaveAudio.swift */ = {isa = PBXFileReference; lastKnownFileType = sourcecode.swift; path = SaveAudio.swift; sourceTree = "<group>"; };
		B91670A61F88543900F18467 /* FileChecker.swift */ = {isa = PBXFileReference; lastKnownFileType = sourcecode.swift; path = FileChecker.swift; sourceTree = "<group>"; };
		B91670A81F88593800F18467 /* SaveMedia.swift */ = {isa = PBXFileReference; lastKnownFileType = sourcecode.swift; path = SaveMedia.swift; sourceTree = "<group>"; };
		B91670AA1F8884BB00F18467 /* PlayMediaUrl.swift */ = {isa = PBXFileReference; lastKnownFileType = sourcecode.swift; path = PlayMediaUrl.swift; sourceTree = "<group>"; };
		B91670AC1F88878A00F18467 /* UnzipStoryboard.storyboard */ = {isa = PBXFileReference; lastKnownFileType = file.storyboard; path = UnzipStoryboard.storyboard; sourceTree = "<group>"; };
		B91670AF1F8887A700F18467 /* UnzipViewController.swift */ = {isa = PBXFileReference; lastKnownFileType = sourcecode.swift; path = UnzipViewController.swift; sourceTree = "<group>"; };
		B93D91D41F8B564F001A0B8E /* SocialMediaStoryboard.storyboard */ = {isa = PBXFileReference; lastKnownFileType = file.storyboard; path = SocialMediaStoryboard.storyboard; sourceTree = "<group>"; };
		B93D91D71F8B5668001A0B8E /* SocialMediaViewController.swift */ = {isa = PBXFileReference; lastKnownFileType = sourcecode.swift; path = SocialMediaViewController.swift; sourceTree = "<group>"; };
		B93D91E91F8B78E2001A0B8E /* IOSExample-Bridging-Header.h */ = {isa = PBXFileReference; lastKnownFileType = sourcecode.c.h; path = "IOSExample-Bridging-Header.h"; sourceTree = "<group>"; };
		B93D91ED1F8B7C16001A0B8E /* FacebookStoryboard.storyboard */ = {isa = PBXFileReference; lastKnownFileType = file.storyboard; path = FacebookStoryboard.storyboard; sourceTree = "<group>"; };
		B93D91EF1F8B7C2F001A0B8E /* FacebookViewController.swift */ = {isa = PBXFileReference; lastKnownFileType = sourcecode.swift; path = FacebookViewController.swift; sourceTree = "<group>"; };
		B94698551F7D49AB008985B9 /* IOSExample.app */ = {isa = PBXFileReference; explicitFileType = wrapper.application; includeInIndex = 0; path = IOSExample.app; sourceTree = BUILT_PRODUCTS_DIR; };
		B94698581F7D49AB008985B9 /* AppDelegate.swift */ = {isa = PBXFileReference; lastKnownFileType = sourcecode.swift; path = AppDelegate.swift; sourceTree = "<group>"; };
		B946985A1F7D49AB008985B9 /* ViewController.swift */ = {isa = PBXFileReference; lastKnownFileType = sourcecode.swift; path = ViewController.swift; sourceTree = "<group>"; };
		B946985D1F7D49AB008985B9 /* Base */ = {isa = PBXFileReference; lastKnownFileType = file.storyboard; name = Base; path = Base.lproj/Main.storyboard; sourceTree = "<group>"; };
		B946985F1F7D49AB008985B9 /* Assets.xcassets */ = {isa = PBXFileReference; lastKnownFileType = folder.assetcatalog; path = Assets.xcassets; sourceTree = "<group>"; };
		B94698621F7D49AB008985B9 /* Base */ = {isa = PBXFileReference; lastKnownFileType = file.storyboard; name = Base; path = Base.lproj/LaunchScreen.storyboard; sourceTree = "<group>"; };
		B94698641F7D49AB008985B9 /* Info.plist */ = {isa = PBXFileReference; lastKnownFileType = text.plist.xml; path = Info.plist; sourceTree = "<group>"; };
		B94698691F7D49AC008985B9 /* IOSExampleTests.xctest */ = {isa = PBXFileReference; explicitFileType = wrapper.cfbundle; includeInIndex = 0; path = IOSExampleTests.xctest; sourceTree = BUILT_PRODUCTS_DIR; };
		B946986D1F7D49AC008985B9 /* IOSExampleTests.swift */ = {isa = PBXFileReference; lastKnownFileType = sourcecode.swift; path = IOSExampleTests.swift; sourceTree = "<group>"; };
		B946986F1F7D49AC008985B9 /* Info.plist */ = {isa = PBXFileReference; lastKnownFileType = text.plist.xml; path = Info.plist; sourceTree = "<group>"; };
		B94698741F7D49AC008985B9 /* IOSExampleUITests.xctest */ = {isa = PBXFileReference; explicitFileType = wrapper.cfbundle; includeInIndex = 0; path = IOSExampleUITests.xctest; sourceTree = BUILT_PRODUCTS_DIR; };
		B94698781F7D49AC008985B9 /* IOSExampleUITests.swift */ = {isa = PBXFileReference; lastKnownFileType = sourcecode.swift; path = IOSExampleUITests.swift; sourceTree = "<group>"; };
		B946987A1F7D49AC008985B9 /* Info.plist */ = {isa = PBXFileReference; lastKnownFileType = text.plist.xml; path = Info.plist; sourceTree = "<group>"; };
		B94698861F7D50B9008985B9 /* TimerStoryboard.storyboard */ = {isa = PBXFileReference; lastKnownFileType = file.storyboard; path = TimerStoryboard.storyboard; sourceTree = "<group>"; };
		B94698881F7D50D8008985B9 /* TimerControllerViewController.swift */ = {isa = PBXFileReference; lastKnownFileType = sourcecode.swift; path = TimerControllerViewController.swift; sourceTree = "<group>"; };
		B946988B1F7D540A008985B9 /* MyTabelCellTableViewCell.swift */ = {isa = PBXFileReference; lastKnownFileType = sourcecode.swift; path = MyTabelCellTableViewCell.swift; sourceTree = "<group>"; };
		B946988D1F7D6150008985B9 /* Stories.swift */ = {isa = PBXFileReference; lastKnownFileType = sourcecode.swift; path = Stories.swift; sourceTree = "<group>"; };
		B946988F1F7D63AC008985B9 /* Person.swift */ = {isa = PBXFileReference; lastKnownFileType = sourcecode.swift; path = Person.swift; sourceTree = "<group>"; };
		B94698911F7D646D008985B9 /* JsonStoryboard.storyboard */ = {isa = PBXFileReference; lastKnownFileType = file.storyboard; path = JsonStoryboard.storyboard; sourceTree = "<group>"; };
		B94698941F7D64A1008985B9 /* JsonViewController.swift */ = {isa = PBXFileReference; lastKnownFileType = sourcecode.swift; path = JsonViewController.swift; sourceTree = "<group>"; };
		B94698961F7D64DF008985B9 /* Feroz.swift */ = {isa = PBXFileReference; lastKnownFileType = sourcecode.swift; path = Feroz.swift; sourceTree = "<group>"; };
		B946989B1F7D656E008985B9 /* HttpCall.swift */ = {isa = PBXFileReference; lastKnownFileType = sourcecode.swift; path = HttpCall.swift; sourceTree = "<group>"; };
		B946989E1F7D75BA008985B9 /* Task.swift */ = {isa = PBXFileReference; lastKnownFileType = sourcecode.swift; path = Task.swift; sourceTree = "<group>"; };
		B94698A41F7D95AB008985B9 /* CollectionStoryboard.storyboard */ = {isa = PBXFileReference; lastKnownFileType = file.storyboard; path = CollectionStoryboard.storyboard; sourceTree = "<group>"; };
		B94698A71F7D95CC008985B9 /* CollectionViewController.swift */ = {isa = PBXFileReference; lastKnownFileType = sourcecode.swift; path = CollectionViewController.swift; sourceTree = "<group>"; };
		B94698A91F7DA012008985B9 /* CollectionViewCell.swift */ = {isa = PBXFileReference; lastKnownFileType = sourcecode.swift; path = CollectionViewCell.swift; sourceTree = "<group>"; };
		B94698AB1F7E73D3008985B9 /* FirebaseStoryboard.storyboard */ = {isa = PBXFileReference; lastKnownFileType = file.storyboard; path = FirebaseStoryboard.storyboard; sourceTree = "<group>"; };
		B94698AE1F7E73F7008985B9 /* FirebaseViewController.swift */ = {isa = PBXFileReference; lastKnownFileType = sourcecode.swift; path = FirebaseViewController.swift; sourceTree = "<group>"; };
		B98B61BF1F857CF30058353C /* GoogleService-Info.plist */ = {isa = PBXFileReference; lastKnownFileType = text.plist.xml; name = "GoogleService-Info.plist"; path = "../../../Downloads/GoogleService-Info.plist"; sourceTree = "<group>"; };
		B98B61C21F85888A0058353C /* UICollectionStoryboard.storyboard */ = {isa = PBXFileReference; lastKnownFileType = file.storyboard; path = UICollectionStoryboard.storyboard; sourceTree = "<group>"; };
		B98B61C71F8589160058353C /* ImageCollectionViewCell.swift */ = {isa = PBXFileReference; lastKnownFileType = sourcecode.swift; path = ImageCollectionViewCell.swift; sourceTree = "<group>"; };
		B98B61C91F858AC10058353C /* UICollectionsViewController.swift */ = {isa = PBXFileReference; lastKnownFileType = sourcecode.swift; path = UICollectionsViewController.swift; sourceTree = "<group>"; };
		B98B61CD1F864E7E0058353C /* NavigationStoryboard.storyboard */ = {isa = PBXFileReference; lastKnownFileType = file.storyboard; path = NavigationStoryboard.storyboard; sourceTree = "<group>"; };
		B98B61D01F864EAB0058353C /* NavigationViewController.swift */ = {isa = PBXFileReference; lastKnownFileType = sourcecode.swift; path = NavigationViewController.swift; sourceTree = "<group>"; };
		B98B61D21F866B390058353C /* PageStoryboard.storyboard */ = {isa = PBXFileReference; lastKnownFileType = file.storyboard; path = PageStoryboard.storyboard; sourceTree = "<group>"; };
		B98B61D71F866C270058353C /* PageViewController.swift */ = {isa = PBXFileReference; lastKnownFileType = sourcecode.swift; path = PageViewController.swift; sourceTree = "<group>"; };
		B98B61DC1F8687310058353C /* MediaViewController.swift */ = {isa = PBXFileReference; lastKnownFileType = sourcecode.swift; path = MediaViewController.swift; sourceTree = "<group>"; };
		B98B61DE1F8687500058353C /* MediaStoryboard.storyboard */ = {isa = PBXFileReference; lastKnownFileType = file.storyboard; path = MediaStoryboard.storyboard; sourceTree = "<group>"; };
		B98BCA8E1F8BD19B00B1EDD7 /* LinkedInStoryboard.storyboard */ = {isa = PBXFileReference; lastKnownFileType = file.storyboard; path = LinkedInStoryboard.storyboard; sourceTree = "<group>"; };
		B98BCA901F8BD1AA00B1EDD7 /* LinkedInViewController.swift */ = {isa = PBXFileReference; lastKnownFileType = sourcecode.swift; path = LinkedInViewController.swift; sourceTree = "<group>"; };
		BDCADD0C6E36E2842916DD2A /* Pods_IOSExampleTests.framework */ = {isa = PBXFileReference; explicitFileType = wrapper.framework; includeInIndex = 0; path = Pods_IOSExampleTests.framework; sourceTree = BUILT_PRODUCTS_DIR; };
		D42846E42DB478C2F85C7FF5 /* Pods-IOSExample.release.xcconfig */ = {isa = PBXFileReference; includeInIndex = 1; lastKnownFileType = text.xcconfig; name = "Pods-IOSExample.release.xcconfig"; path = "Pods/Target Support Files/Pods-IOSExample/Pods-IOSExample.release.xcconfig"; sourceTree = "<group>"; };
/* End PBXFileReference section */

/* Begin PBXFrameworksBuildPhase section */
		B94698521F7D49AB008985B9 /* Frameworks */ = {
			isa = PBXFrameworksBuildPhase;
			buildActionMask = 2147483647;
			files = (
				643AB15AC8B3B6C915899242 /* Pods_IOSExample.framework in Frameworks */,
			);
			runOnlyForDeploymentPostprocessing = 0;
		};
		B94698661F7D49AC008985B9 /* Frameworks */ = {
			isa = PBXFrameworksBuildPhase;
			buildActionMask = 2147483647;
			files = (
				58DB4EA5FB5EF0A34D8EA2A4 /* Pods_IOSExampleTests.framework in Frameworks */,
			);
			runOnlyForDeploymentPostprocessing = 0;
		};
		B94698711F7D49AC008985B9 /* Frameworks */ = {
			isa = PBXFrameworksBuildPhase;
			buildActionMask = 2147483647;
			files = (
				6361130B7F119231CF974BE0 /* Pods_IOSExampleUITests.framework in Frameworks */,
			);
			runOnlyForDeploymentPostprocessing = 0;
		};
/* End PBXFrameworksBuildPhase section */

/* Begin PBXGroup section */
		0601C4687A9F79224ADC5B93 /* Frameworks */ = {
			isa = PBXGroup;
			children = (
				A83AD1C0081D7CF850994830 /* Pods_IOSExample.framework */,
				BDCADD0C6E36E2842916DD2A /* Pods_IOSExampleTests.framework */,
				A158D3C876E64AFFF3045528 /* Pods_IOSExampleUITests.framework */,
			);
			name = Frameworks;
			sourceTree = "<group>";
		};
		846804DDDAFBFDF78FEA42AB /* Pods */ = {
			isa = PBXGroup;
			children = (
				10220C4DF1CA15E82152F790 /* Pods-IOSExample.debug.xcconfig */,
				D42846E42DB478C2F85C7FF5 /* Pods-IOSExample.release.xcconfig */,
				2C03C40E53341F056FD7F915 /* Pods-IOSExampleTests.debug.xcconfig */,
				32B9036B0CEE3BB9CCFF5162 /* Pods-IOSExampleTests.release.xcconfig */,
				1918B816A24FB550EAA68003 /* Pods-IOSExampleUITests.debug.xcconfig */,
				08A5CA7658B9677B8C2FE405 /* Pods-IOSExampleUITests.release.xcconfig */,
			);
			name = Pods;
			sourceTree = "<group>";
		};
		B91670AE1F88879100F18467 /* unzip */ = {
			isa = PBXGroup;
			children = (
				B91670AC1F88878A00F18467 /* UnzipStoryboard.storyboard */,
				B91670AF1F8887A700F18467 /* UnzipViewController.swift */,
			);
			path = unzip;
			sourceTree = "<group>";
		};
		B93D91D61F8B5655001A0B8E /* socialmedia */ = {
			isa = PBXGroup;
			children = (
				B93D91D41F8B564F001A0B8E /* SocialMediaStoryboard.storyboard */,
				B93D91D71F8B5668001A0B8E /* SocialMediaViewController.swift */,
				B93D91ED1F8B7C16001A0B8E /* FacebookStoryboard.storyboard */,
				B93D91EF1F8B7C2F001A0B8E /* FacebookViewController.swift */,
				B98BCA8E1F8BD19B00B1EDD7 /* LinkedInStoryboard.storyboard */,
				B98BCA901F8BD1AA00B1EDD7 /* LinkedInViewController.swift */,
			);
			path = socialmedia;
			sourceTree = "<group>";
		};
		B946984C1F7D49AB008985B9 = {
			isa = PBXGroup;
			children = (
				B94698571F7D49AB008985B9 /* IOSExample */,
				B946986C1F7D49AC008985B9 /* IOSExampleTests */,
				B94698771F7D49AC008985B9 /* IOSExampleUITests */,
				B94698561F7D49AB008985B9 /* Products */,
				846804DDDAFBFDF78FEA42AB /* Pods */,
				0601C4687A9F79224ADC5B93 /* Frameworks */,
			);
			sourceTree = "<group>";
		};
		B94698561F7D49AB008985B9 /* Products */ = {
			isa = PBXGroup;
			children = (
				B94698551F7D49AB008985B9 /* IOSExample.app */,
				B94698691F7D49AC008985B9 /* IOSExampleTests.xctest */,
				B94698741F7D49AC008985B9 /* IOSExampleUITests.xctest */,
			);
			name = Products;
			sourceTree = "<group>";
		};
		B94698571F7D49AB008985B9 /* IOSExample */ = {
			isa = PBXGroup;
			children = (
				B94698A61F7D95B5008985B9 /* collections */,
				B946989D1F7D6E9E008985B9 /* complexobject */,
				B94698981F7D650F008985B9 /* util */,
				B94698931F7D6481008985B9 /* json */,
				B94698AD1F7E73D9008985B9 /* firebase */,
				B98B61C41F8588940058353C /* uicollectionview */,
				B98B61CF1F864E830058353C /* navigations */,
				B98B61D41F866B3E0058353C /* pageviewcontroller */,
				B946988F1F7D63AC008985B9 /* Person.swift */,
				B946985A1F7D49AB008985B9 /* ViewController.swift */,
				B94698581F7D49AB008985B9 /* AppDelegate.swift */,
				B912DFCB1F87C22100D7C7E8 /* songs.mp3 */,
				B946988D1F7D6150008985B9 /* Stories.swift */,
				B912DFCD1F87E40C00D7C7E8 /* ddd.mp3 */,
				B946985C1F7D49AB008985B9 /* Main.storyboard */,
				B946988B1F7D540A008985B9 /* MyTabelCellTableViewCell.swift */,
				B946985F1F7D49AB008985B9 /* Assets.xcassets */,
				B94698611F7D49AB008985B9 /* LaunchScreen.storyboard */,
				B98B61BF1F857CF30058353C /* GoogleService-Info.plist */,
				B94698641F7D49AB008985B9 /* Info.plist */,
				B98B61DB1F8687100058353C /* media */,
				B91670AE1F88879100F18467 /* unzip */,
				B93D91D61F8B5655001A0B8E /* socialmedia */,
				B93D91E91F8B78E2001A0B8E /* IOSExample-Bridging-Header.h */,
			);
			path = IOSExample;
			sourceTree = "<group>";
		};
		B946986C1F7D49AC008985B9 /* IOSExampleTests */ = {
			isa = PBXGroup;
			children = (
				B946986D1F7D49AC008985B9 /* IOSExampleTests.swift */,
				B946986F1F7D49AC008985B9 /* Info.plist */,
			);
			path = IOSExampleTests;
			sourceTree = "<group>";
		};
		B94698771F7D49AC008985B9 /* IOSExampleUITests */ = {
			isa = PBXGroup;
			children = (
				B94698781F7D49AC008985B9 /* IOSExampleUITests.swift */,
				B946987A1F7D49AC008985B9 /* Info.plist */,
			);
			path = IOSExampleUITests;
			sourceTree = "<group>";
		};
		B946988A1F7D50DD008985B9 /* timer */ = {
			isa = PBXGroup;
			children = (
				B94698881F7D50D8008985B9 /* TimerControllerViewController.swift */,
				B94698861F7D50B9008985B9 /* TimerStoryboard.storyboard */,
			);
			path = timer;
			sourceTree = "<group>";
		};
		B94698931F7D6481008985B9 /* json */ = {
			isa = PBXGroup;
			children = (
				B946988A1F7D50DD008985B9 /* timer */,
				B94698911F7D646D008985B9 /* JsonStoryboard.storyboard */,
				B94698941F7D64A1008985B9 /* JsonViewController.swift */,
				B94698961F7D64DF008985B9 /* Feroz.swift */,
				B946989E1F7D75BA008985B9 /* Task.swift */,
			);
			path = json;
			sourceTree = "<group>";
		};
		B94698981F7D650F008985B9 /* util */ = {
			isa = PBXGroup;
			children = (
				B946989B1F7D656E008985B9 /* HttpCall.swift */,
				B91670A41F88448900F18467 /* SaveAudio.swift */,
				B91670A61F88543900F18467 /* FileChecker.swift */,
				B91670A81F88593800F18467 /* SaveMedia.swift */,
				B91670AA1F8884BB00F18467 /* PlayMediaUrl.swift */,
			);
			name = util;
			path = ..;
			sourceTree = "<group>";
		};
		B946989D1F7D6E9E008985B9 /* complexobject */ = {
			isa = PBXGroup;
			children = (
			);
			name = complexobject;
			path = ..;
			sourceTree = "<group>";
		};
		B94698A61F7D95B5008985B9 /* collections */ = {
			isa = PBXGroup;
			children = (
				B94698A41F7D95AB008985B9 /* CollectionStoryboard.storyboard */,
				B94698A71F7D95CC008985B9 /* CollectionViewController.swift */,
				B94698A91F7DA012008985B9 /* CollectionViewCell.swift */,
			);
			path = collections;
			sourceTree = "<group>";
		};
		B94698AD1F7E73D9008985B9 /* firebase */ = {
			isa = PBXGroup;
			children = (
				B94698AB1F7E73D3008985B9 /* FirebaseStoryboard.storyboard */,
				B94698AE1F7E73F7008985B9 /* FirebaseViewController.swift */,
			);
			path = firebase;
			sourceTree = "<group>";
		};
		B98B61C41F8588940058353C /* uicollectionview */ = {
			isa = PBXGroup;
			children = (
				B98B61C21F85888A0058353C /* UICollectionStoryboard.storyboard */,
				B98B61C71F8589160058353C /* ImageCollectionViewCell.swift */,
				B98B61C91F858AC10058353C /* UICollectionsViewController.swift */,
			);
			path = uicollectionview;
			sourceTree = "<group>";
		};
		B98B61CF1F864E830058353C /* navigations */ = {
			isa = PBXGroup;
			children = (
				B98B61CD1F864E7E0058353C /* NavigationStoryboard.storyboard */,
				B98B61D01F864EAB0058353C /* NavigationViewController.swift */,
			);
			path = navigations;
			sourceTree = "<group>";
		};
		B98B61D41F866B3E0058353C /* pageviewcontroller */ = {
			isa = PBXGroup;
			children = (
				B98B61D21F866B390058353C /* PageStoryboard.storyboard */,
				B98B61D71F866C270058353C /* PageViewController.swift */,
			);
			path = pageviewcontroller;
			sourceTree = "<group>";
		};
		B98B61DB1F8687100058353C /* media */ = {
			isa = PBXGroup;
			children = (
				B98B61DC1F8687310058353C /* MediaViewController.swift */,
				B98B61DE1F8687500058353C /* MediaStoryboard.storyboard */,
			);
			path = media;
			sourceTree = "<group>";
		};
/* End PBXGroup section */

/* Begin PBXNativeTarget section */
		B94698541F7D49AB008985B9 /* IOSExample */ = {
			isa = PBXNativeTarget;
			buildConfigurationList = B946987D1F7D49AC008985B9 /* Build configuration list for PBXNativeTarget "IOSExample" */;
			buildPhases = (
				B027EB05CFCC8238577A76FF /* [CP] Check Pods Manifest.lock */,
				B94698511F7D49AB008985B9 /* Sources */,
				B94698521F7D49AB008985B9 /* Frameworks */,
				B94698531F7D49AB008985B9 /* Resources */,
				6A2EA2C57AA9364EE6CDE3DC /* [CP] Embed Pods Frameworks */,
				F1F9E6BD2BF4177789A42C0D /* [CP] Copy Pods Resources */,
			);
			buildRules = (
			);
			dependencies = (
			);
			name = IOSExample;
			productName = IOSExample;
			productReference = B94698551F7D49AB008985B9 /* IOSExample.app */;
			productType = "com.apple.product-type.application";
		};
		B94698681F7D49AC008985B9 /* IOSExampleTests */ = {
			isa = PBXNativeTarget;
			buildConfigurationList = B94698801F7D49AC008985B9 /* Build configuration list for PBXNativeTarget "IOSExampleTests" */;
			buildPhases = (
				420A0E1D102BE18D2C79CB6F /* [CP] Check Pods Manifest.lock */,
				B94698651F7D49AC008985B9 /* Sources */,
				B94698661F7D49AC008985B9 /* Frameworks */,
				B94698671F7D49AC008985B9 /* Resources */,
				3E00303BCED16A8577E415CA /* [CP] Embed Pods Frameworks */,
				1C6528897FDE4CC8A6F3C3CC /* [CP] Copy Pods Resources */,
			);
			buildRules = (
			);
			dependencies = (
				B946986B1F7D49AC008985B9 /* PBXTargetDependency */,
			);
			name = IOSExampleTests;
			productName = IOSExampleTests;
			productReference = B94698691F7D49AC008985B9 /* IOSExampleTests.xctest */;
			productType = "com.apple.product-type.bundle.unit-test";
		};
		B94698731F7D49AC008985B9 /* IOSExampleUITests */ = {
			isa = PBXNativeTarget;
			buildConfigurationList = B94698831F7D49AC008985B9 /* Build configuration list for PBXNativeTarget "IOSExampleUITests" */;
			buildPhases = (
				AB0BB21FF3E5F3689A8BC480 /* [CP] Check Pods Manifest.lock */,
				B94698701F7D49AC008985B9 /* Sources */,
				B94698711F7D49AC008985B9 /* Frameworks */,
				B94698721F7D49AC008985B9 /* Resources */,
				EAEA119E2DA7A2B625685DDB /* [CP] Embed Pods Frameworks */,
				C4151ABED94CE563E9D8F65A /* [CP] Copy Pods Resources */,
			);
			buildRules = (
			);
			dependencies = (
				B94698761F7D49AC008985B9 /* PBXTargetDependency */,
			);
			name = IOSExampleUITests;
			productName = IOSExampleUITests;
			productReference = B94698741F7D49AC008985B9 /* IOSExampleUITests.xctest */;
			productType = "com.apple.product-type.bundle.ui-testing";
		};
/* End PBXNativeTarget section */

/* Begin PBXProject section */
		B946984D1F7D49AB008985B9 /* Project object */ = {
			isa = PBXProject;
			attributes = {
				LastSwiftUpdateCheck = 0900;
				LastUpgradeCheck = 0900;
				ORGANIZATIONNAME = "Istar Feroz";
				TargetAttributes = {
					B94698541F7D49AB008985B9 = {
						CreatedOnToolsVersion = 9.0;
						LastSwiftMigration = 0900;
						ProvisioningStyle = Automatic;
					};
					B94698681F7D49AC008985B9 = {
						CreatedOnToolsVersion = 9.0;
						ProvisioningStyle = Automatic;
						TestTargetID = B94698541F7D49AB008985B9;
					};
					B94698731F7D49AC008985B9 = {
						CreatedOnToolsVersion = 9.0;
						ProvisioningStyle = Automatic;
						TestTargetID = B94698541F7D49AB008985B9;
					};
				};
			};
			buildConfigurationList = B94698501F7D49AB008985B9 /* Build configuration list for PBXProject "IOSExample" */;
			compatibilityVersion = "Xcode 8.0";
			developmentRegion = en;
			hasScannedForEncodings = 0;
			knownRegions = (
				en,
				Base,
			);
			mainGroup = B946984C1F7D49AB008985B9;
			productRefGroup = B94698561F7D49AB008985B9 /* Products */;
			projectDirPath = "";
			projectRoot = "";
			targets = (
				B94698541F7D49AB008985B9 /* IOSExample */,
				B94698681F7D49AC008985B9 /* IOSExampleTests */,
				B94698731F7D49AC008985B9 /* IOSExampleUITests */,
			);
		};
/* End PBXProject section */

/* Begin PBXResourcesBuildPhase section */
		B94698531F7D49AB008985B9 /* Resources */ = {
			isa = PBXResourcesBuildPhase;
			buildActionMask = 2147483647;
			files = (
				B94698631F7D49AB008985B9 /* LaunchScreen.storyboard in Resources */,
				B912DFCE1F87E46100D7C7E8 /* ddd.mp3 in Resources */,
				B912DFCC1F87E2FC00D7C7E8 /* songs.mp3 in Resources */,
				B98B61C11F857DB90058353C /* GoogleService-Info.plist in Resources */,
				B94698AC1F7E73D3008985B9 /* FirebaseStoryboard.storyboard in Resources */,
				B98B61CE1F864E7E0058353C /* NavigationStoryboard.storyboard in Resources */,
				B93D91D51F8B564F001A0B8E /* SocialMediaStoryboard.storyboard in Resources */,
				B94698601F7D49AB008985B9 /* Assets.xcassets in Resources */,
				B94698921F7D646D008985B9 /* JsonStoryboard.storyboard in Resources */,
				B98B61DF1F8687500058353C /* MediaStoryboard.storyboard in Resources */,
				B98B61D31F866B390058353C /* PageStoryboard.storyboard in Resources */,
				B946985E1F7D49AB008985B9 /* Main.storyboard in Resources */,
				B93D91EE1F8B7C16001A0B8E /* FacebookStoryboard.storyboard in Resources */,
				B98BCA8F1F8BD19B00B1EDD7 /* LinkedInStoryboard.storyboard in Resources */,
				B98B61C31F85888A0058353C /* UICollectionStoryboard.storyboard in Resources */,
				B94698871F7D50B9008985B9 /* TimerStoryboard.storyboard in Resources */,
				B94698A51F7D95AB008985B9 /* CollectionStoryboard.storyboard in Resources */,
				B91670AD1F88878A00F18467 /* UnzipStoryboard.storyboard in Resources */,
			);
			runOnlyForDeploymentPostprocessing = 0;
		};
		B94698671F7D49AC008985B9 /* Resources */ = {
			isa = PBXResourcesBuildPhase;
			buildActionMask = 2147483647;
			files = (
			);
			runOnlyForDeploymentPostprocessing = 0;
		};
		B94698721F7D49AC008985B9 /* Resources */ = {
			isa = PBXResourcesBuildPhase;
			buildActionMask = 2147483647;
			files = (
			);
			runOnlyForDeploymentPostprocessing = 0;
		};
/* End PBXResourcesBuildPhase section */

/* Begin PBXShellScriptBuildPhase section */
		1C6528897FDE4CC8A6F3C3CC /* [CP] Copy Pods Resources */ = {
			isa = PBXShellScriptBuildPhase;
			buildActionMask = 2147483647;
			files = (
			);
			inputPaths = (
			);
			name = "[CP] Copy Pods Resources";
			outputPaths = (
			);
			runOnlyForDeploymentPostprocessing = 0;
			shellPath = /bin/sh;
			shellScript = "\"${SRCROOT}/Pods/Target Support Files/Pods-IOSExampleTests/Pods-IOSExampleTests-resources.sh\"\n";
			showEnvVarsInLog = 0;
		};
		3E00303BCED16A8577E415CA /* [CP] Embed Pods Frameworks */ = {
			isa = PBXShellScriptBuildPhase;
			buildActionMask = 2147483647;
			files = (
			);
			inputPaths = (
			);
			name = "[CP] Embed Pods Frameworks";
			outputPaths = (
			);
			runOnlyForDeploymentPostprocessing = 0;
			shellPath = /bin/sh;
			shellScript = "\"${SRCROOT}/Pods/Target Support Files/Pods-IOSExampleTests/Pods-IOSExampleTests-frameworks.sh\"\n";
			showEnvVarsInLog = 0;
		};
		420A0E1D102BE18D2C79CB6F /* [CP] Check Pods Manifest.lock */ = {
			isa = PBXShellScriptBuildPhase;
			buildActionMask = 2147483647;
			files = (
			);
			inputPaths = (
			);
			name = "[CP] Check Pods Manifest.lock";
			outputPaths = (
			);
			runOnlyForDeploymentPostprocessing = 0;
			shellPath = /bin/sh;
			shellScript = "diff \"${PODS_PODFILE_DIR_PATH}/Podfile.lock\" \"${PODS_ROOT}/Manifest.lock\" > /dev/null\nif [ $? != 0 ] ; then\n    # print error to STDERR\n    echo \"error: The sandbox is not in sync with the Podfile.lock. Run 'pod install' or update your CocoaPods installation.\" >&2\n    exit 1\nfi\n";
			showEnvVarsInLog = 0;
		};
		6A2EA2C57AA9364EE6CDE3DC /* [CP] Embed Pods Frameworks */ = {
			isa = PBXShellScriptBuildPhase;
			buildActionMask = 2147483647;
			files = (
			);
			inputPaths = (
			);
			name = "[CP] Embed Pods Frameworks";
			outputPaths = (
			);
			runOnlyForDeploymentPostprocessing = 0;
			shellPath = /bin/sh;
			shellScript = "\"${SRCROOT}/Pods/Target Support Files/Pods-IOSExample/Pods-IOSExample-frameworks.sh\"\n";
			showEnvVarsInLog = 0;
		};
		AB0BB21FF3E5F3689A8BC480 /* [CP] Check Pods Manifest.lock */ = {
			isa = PBXShellScriptBuildPhase;
			buildActionMask = 2147483647;
			files = (
			);
			inputPaths = (
			);
			name = "[CP] Check Pods Manifest.lock";
			outputPaths = (
			);
			runOnlyForDeploymentPostprocessing = 0;
			shellPath = /bin/sh;
			shellScript = "diff \"${PODS_PODFILE_DIR_PATH}/Podfile.lock\" \"${PODS_ROOT}/Manifest.lock\" > /dev/null\nif [ $? != 0 ] ; then\n    # print error to STDERR\n    echo \"error: The sandbox is not in sync with the Podfile.lock. Run 'pod install' or update your CocoaPods installation.\" >&2\n    exit 1\nfi\n";
			showEnvVarsInLog = 0;
		};
		B027EB05CFCC8238577A76FF /* [CP] Check Pods Manifest.lock */ = {
			isa = PBXShellScriptBuildPhase;
			buildActionMask = 2147483647;
			files = (
			);
			inputPaths = (
			);
			name = "[CP] Check Pods Manifest.lock";
			outputPaths = (
			);
			runOnlyForDeploymentPostprocessing = 0;
			shellPath = /bin/sh;
			shellScript = "diff \"${PODS_PODFILE_DIR_PATH}/Podfile.lock\" \"${PODS_ROOT}/Manifest.lock\" > /dev/null\nif [ $? != 0 ] ; then\n    # print error to STDERR\n    echo \"error: The sandbox is not in sync with the Podfile.lock. Run 'pod install' or update your CocoaPods installation.\" >&2\n    exit 1\nfi\n";
			showEnvVarsInLog = 0;
		};
		C4151ABED94CE563E9D8F65A /* [CP] Copy Pods Resources */ = {
			isa = PBXShellScriptBuildPhase;
			buildActionMask = 2147483647;
			files = (
			);
			inputPaths = (
			);
			name = "[CP] Copy Pods Resources";
			outputPaths = (
			);
			runOnlyForDeploymentPostprocessing = 0;
			shellPath = /bin/sh;
			shellScript = "\"${SRCROOT}/Pods/Target Support Files/Pods-IOSExampleUITests/Pods-IOSExampleUITests-resources.sh\"\n";
			showEnvVarsInLog = 0;
		};
		EAEA119E2DA7A2B625685DDB /* [CP] Embed Pods Frameworks */ = {
			isa = PBXShellScriptBuildPhase;
			buildActionMask = 2147483647;
			files = (
			);
			inputPaths = (
			);
			name = "[CP] Embed Pods Frameworks";
			outputPaths = (
			);
			runOnlyForDeploymentPostprocessing = 0;
			shellPath = /bin/sh;
			shellScript = "\"${SRCROOT}/Pods/Target Support Files/Pods-IOSExampleUITests/Pods-IOSExampleUITests-frameworks.sh\"\n";
			showEnvVarsInLog = 0;
		};
		F1F9E6BD2BF4177789A42C0D /* [CP] Copy Pods Resources */ = {
			isa = PBXShellScriptBuildPhase;
			buildActionMask = 2147483647;
			files = (
			);
			inputPaths = (
			);
			name = "[CP] Copy Pods Resources";
			outputPaths = (
			);
			runOnlyForDeploymentPostprocessing = 0;
			shellPath = /bin/sh;
			shellScript = "\"${SRCROOT}/Pods/Target Support Files/Pods-IOSExample/Pods-IOSExample-resources.sh\"\n";
			showEnvVarsInLog = 0;
		};
/* End PBXShellScriptBuildPhase section */

/* Begin PBXSourcesBuildPhase section */
		B94698511F7D49AB008985B9 /* Sources */ = {
			isa = PBXSourcesBuildPhase;
			buildActionMask = 2147483647;
			files = (
				B94698901F7D63AC008985B9 /* Person.swift in Sources */,
				B946985B1F7D49AB008985B9 /* ViewController.swift in Sources */,
				B94698AA1F7DA012008985B9 /* CollectionViewCell.swift in Sources */,
				B98B61CA1F858AC10058353C /* UICollectionsViewController.swift in Sources */,
				B93D91D81F8B5668001A0B8E /* SocialMediaViewController.swift in Sources */,
				B94698AF1F7E73F7008985B9 /* FirebaseViewController.swift in Sources */,
				B946989F1F7D75BA008985B9 /* Task.swift in Sources */,
				B98B61C81F8589160058353C /* ImageCollectionViewCell.swift in Sources */,
				B98B61DD1F8687310058353C /* MediaViewController.swift in Sources */,
				B91670A91F88593800F18467 /* SaveMedia.swift in Sources */,
				B94698951F7D64A1008985B9 /* JsonViewController.swift in Sources */,
				B91670AB1F8884BB00F18467 /* PlayMediaUrl.swift in Sources */,
				B91670A71F88543900F18467 /* FileChecker.swift in Sources */,
				B98B61D81F866C270058353C /* PageViewController.swift in Sources */,
				B98BCA911F8BD1AA00B1EDD7 /* LinkedInViewController.swift in Sources */,
				B91670A51F88448900F18467 /* SaveAudio.swift in Sources */,
				B98B61D11F864EAB0058353C /* NavigationViewController.swift in Sources */,
				B94698891F7D50D8008985B9 /* TimerControllerViewController.swift in Sources */,
				B93D91F01F8B7C2F001A0B8E /* FacebookViewController.swift in Sources */,
				B91670B01F8887A700F18467 /* UnzipViewController.swift in Sources */,
				B94698971F7D64DF008985B9 /* Feroz.swift in Sources */,
				B946989C1F7D656E008985B9 /* HttpCall.swift in Sources */,
				B946988C1F7D540A008985B9 /* MyTabelCellTableViewCell.swift in Sources */,
				B946988E1F7D6150008985B9 /* Stories.swift in Sources */,
				B94698591F7D49AB008985B9 /* AppDelegate.swift in Sources */,
				B94698A81F7D95CC008985B9 /* CollectionViewController.swift in Sources */,
			);
			runOnlyForDeploymentPostprocessing = 0;
		};
		B94698651F7D49AC008985B9 /* Sources */ = {
			isa = PBXSourcesBuildPhase;
			buildActionMask = 2147483647;
			files = (
				B946986E1F7D49AC008985B9 /* IOSExampleTests.swift in Sources */,
			);
			runOnlyForDeploymentPostprocessing = 0;
		};
		B94698701F7D49AC008985B9 /* Sources */ = {
			isa = PBXSourcesBuildPhase;
			buildActionMask = 2147483647;
			files = (
				B94698791F7D49AC008985B9 /* IOSExampleUITests.swift in Sources */,
			);
			runOnlyForDeploymentPostprocessing = 0;
		};
/* End PBXSourcesBuildPhase section */

/* Begin PBXTargetDependency section */
		B946986B1F7D49AC008985B9 /* PBXTargetDependency */ = {
			isa = PBXTargetDependency;
			target = B94698541F7D49AB008985B9 /* IOSExample */;
			targetProxy = B946986A1F7D49AC008985B9 /* PBXContainerItemProxy */;
		};
		B94698761F7D49AC008985B9 /* PBXTargetDependency */ = {
			isa = PBXTargetDependency;
			target = B94698541F7D49AB008985B9 /* IOSExample */;
			targetProxy = B94698751F7D49AC008985B9 /* PBXContainerItemProxy */;
		};
/* End PBXTargetDependency section */

/* Begin PBXVariantGroup section */
		B946985C1F7D49AB008985B9 /* Main.storyboard */ = {
			isa = PBXVariantGroup;
			children = (
				B946985D1F7D49AB008985B9 /* Base */,
			);
			name = Main.storyboard;
			sourceTree = "<group>";
		};
		B94698611F7D49AB008985B9 /* LaunchScreen.storyboard */ = {
			isa = PBXVariantGroup;
			children = (
				B94698621F7D49AB008985B9 /* Base */,
			);
			name = LaunchScreen.storyboard;
			sourceTree = "<group>";
		};
/* End PBXVariantGroup section */

/* Begin XCBuildConfiguration section */
		B946987B1F7D49AC008985B9 /* Debug */ = {
			isa = XCBuildConfiguration;
			buildSettings = {
				ALWAYS_SEARCH_USER_PATHS = NO;
				CLANG_ANALYZER_NONNULL = YES;
				CLANG_ANALYZER_NUMBER_OBJECT_CONVERSION = YES_AGGRESSIVE;
				CLANG_CXX_LANGUAGE_STANDARD = "gnu++14";
				CLANG_CXX_LIBRARY = "libc++";
				CLANG_ENABLE_MODULES = YES;
				CLANG_ENABLE_OBJC_ARC = YES;
				CLANG_WARN_BLOCK_CAPTURE_AUTORELEASING = YES;
				CLANG_WARN_BOOL_CONVERSION = YES;
				CLANG_WARN_COMMA = YES;
				CLANG_WARN_CONSTANT_CONVERSION = YES;
				CLANG_WARN_DIRECT_OBJC_ISA_USAGE = YES_ERROR;
				CLANG_WARN_DOCUMENTATION_COMMENTS = YES;
				CLANG_WARN_EMPTY_BODY = YES;
				CLANG_WARN_ENUM_CONVERSION = YES;
				CLANG_WARN_INFINITE_RECURSION = YES;
				CLANG_WARN_INT_CONVERSION = YES;
				CLANG_WARN_NON_LITERAL_NULL_CONVERSION = YES;
				CLANG_WARN_OBJC_LITERAL_CONVERSION = YES;
				CLANG_WARN_OBJC_ROOT_CLASS = YES_ERROR;
				CLANG_WARN_RANGE_LOOP_ANALYSIS = YES;
				CLANG_WARN_STRICT_PROTOTYPES = YES;
				CLANG_WARN_SUSPICIOUS_MOVE = YES;
				CLANG_WARN_UNGUARDED_AVAILABILITY = YES_AGGRESSIVE;
				CLANG_WARN_UNREACHABLE_CODE = YES;
				CLANG_WARN__DUPLICATE_METHOD_MATCH = YES;
				CODE_SIGN_IDENTITY = "iPhone Developer";
				COPY_PHASE_STRIP = NO;
				DEBUG_INFORMATION_FORMAT = dwarf;
				ENABLE_STRICT_OBJC_MSGSEND = YES;
				ENABLE_TESTABILITY = YES;
				GCC_C_LANGUAGE_STANDARD = gnu11;
				GCC_DYNAMIC_NO_PIC = NO;
				GCC_NO_COMMON_BLOCKS = YES;
				GCC_OPTIMIZATION_LEVEL = 0;
				GCC_PREPROCESSOR_DEFINITIONS = (
					"DEBUG=1",
					"$(inherited)",
				);
				GCC_WARN_64_TO_32_BIT_CONVERSION = YES;
				GCC_WARN_ABOUT_RETURN_TYPE = YES_ERROR;
				GCC_WARN_UNDECLARED_SELECTOR = YES;
				GCC_WARN_UNINITIALIZED_AUTOS = YES_AGGRESSIVE;
				GCC_WARN_UNUSED_FUNCTION = YES;
				GCC_WARN_UNUSED_VARIABLE = YES;
				IPHONEOS_DEPLOYMENT_TARGET = 11.0;
				MTL_ENABLE_DEBUG_INFO = YES;
				ONLY_ACTIVE_ARCH = YES;
				SDKROOT = iphoneos;
				SWIFT_ACTIVE_COMPILATION_CONDITIONS = DEBUG;
				SWIFT_OPTIMIZATION_LEVEL = "-Onone";
			};
			name = Debug;
		};
		B946987C1F7D49AC008985B9 /* Release */ = {
			isa = XCBuildConfiguration;
			buildSettings = {
				ALWAYS_SEARCH_USER_PATHS = NO;
				CLANG_ANALYZER_NONNULL = YES;
				CLANG_ANALYZER_NUMBER_OBJECT_CONVERSION = YES_AGGRESSIVE;
				CLANG_CXX_LANGUAGE_STANDARD = "gnu++14";
				CLANG_CXX_LIBRARY = "libc++";
				CLANG_ENABLE_MODULES = YES;
				CLANG_ENABLE_OBJC_ARC = YES;
				CLANG_WARN_BLOCK_CAPTURE_AUTORELEASING = YES;
				CLANG_WARN_BOOL_CONVERSION = YES;
				CLANG_WARN_COMMA = YES;
				CLANG_WARN_CONSTANT_CONVERSION = YES;
				CLANG_WARN_DIRECT_OBJC_ISA_USAGE = YES_ERROR;
				CLANG_WARN_DOCUMENTATION_COMMENTS = YES;
				CLANG_WARN_EMPTY_BODY = YES;
				CLANG_WARN_ENUM_CONVERSION = YES;
				CLANG_WARN_INFINITE_RECURSION = YES;
				CLANG_WARN_INT_CONVERSION = YES;
				CLANG_WARN_NON_LITERAL_NULL_CONVERSION = YES;
				CLANG_WARN_OBJC_LITERAL_CONVERSION = YES;
				CLANG_WARN_OBJC_ROOT_CLASS = YES_ERROR;
				CLANG_WARN_RANGE_LOOP_ANALYSIS = YES;
				CLANG_WARN_STRICT_PROTOTYPES = YES;
				CLANG_WARN_SUSPICIOUS_MOVE = YES;
				CLANG_WARN_UNGUARDED_AVAILABILITY = YES_AGGRESSIVE;
				CLANG_WARN_UNREACHABLE_CODE = YES;
				CLANG_WARN__DUPLICATE_METHOD_MATCH = YES;
				CODE_SIGN_IDENTITY = "iPhone Developer";
				COPY_PHASE_STRIP = NO;
				DEBUG_INFORMATION_FORMAT = "dwarf-with-dsym";
				ENABLE_NS_ASSERTIONS = NO;
				ENABLE_STRICT_OBJC_MSGSEND = YES;
				GCC_C_LANGUAGE_STANDARD = gnu11;
				GCC_NO_COMMON_BLOCKS = YES;
				GCC_WARN_64_TO_32_BIT_CONVERSION = YES;
				GCC_WARN_ABOUT_RETURN_TYPE = YES_ERROR;
				GCC_WARN_UNDECLARED_SELECTOR = YES;
				GCC_WARN_UNINITIALIZED_AUTOS = YES_AGGRESSIVE;
				GCC_WARN_UNUSED_FUNCTION = YES;
				GCC_WARN_UNUSED_VARIABLE = YES;
				IPHONEOS_DEPLOYMENT_TARGET = 11.0;
				MTL_ENABLE_DEBUG_INFO = NO;
				SDKROOT = iphoneos;
				SWIFT_OPTIMIZATION_LEVEL = "-Owholemodule";
				VALIDATE_PRODUCT = YES;
			};
			name = Release;
		};
		B946987E1F7D49AC008985B9 /* Debug */ = {
			isa = XCBuildConfiguration;
			baseConfigurationReference = 10220C4DF1CA15E82152F790 /* Pods-IOSExample.debug.xcconfig */;
			buildSettings = {
				ASSETCATALOG_COMPILER_APPICON_NAME = AppIcon;
				CLANG_ENABLE_MODULES = YES;
				CODE_SIGN_STYLE = Automatic;
				DEVELOPMENT_TEAM = LQEX6X2Z5Q;
				FRAMEWORK_SEARCH_PATHS = (
					"$(inherited)",
					"$(PROJECT_DIR)/IOSExample/framework",
				);
				INFOPLIST_FILE = IOSExample/Info.plist;
				IPHONEOS_DEPLOYMENT_TARGET = 11.0;
				LD_RUNPATH_SEARCH_PATHS = "$(inherited) @executable_path/Frameworks";
				PRODUCT_BUNDLE_IDENTIFIER = com.istarindia.IOSExample;
				PRODUCT_NAME = "$(TARGET_NAME)";
				SWIFT_OBJC_BRIDGING_HEADER = "IOSExample/IOSExample-Bridging-Header.h";
				SWIFT_OPTIMIZATION_LEVEL = "-Onone";
				SWIFT_VERSION = 4.0;
				TARGETED_DEVICE_FAMILY = "1,2";
			};
			name = Debug;
		};
		B946987F1F7D49AC008985B9 /* Release */ = {
			isa = XCBuildConfiguration;
			baseConfigurationReference = D42846E42DB478C2F85C7FF5 /* Pods-IOSExample.release.xcconfig */;
			buildSettings = {
				ASSETCATALOG_COMPILER_APPICON_NAME = AppIcon;
				CLANG_ENABLE_MODULES = YES;
				CODE_SIGN_STYLE = Automatic;
				DEVELOPMENT_TEAM = LQEX6X2Z5Q;
				FRAMEWORK_SEARCH_PATHS = (
					"$(inherited)",
					"$(PROJECT_DIR)/IOSExample/framework",
				);
				INFOPLIST_FILE = IOSExample/Info.plist;
				IPHONEOS_DEPLOYMENT_TARGET = 11.0;
				LD_RUNPATH_SEARCH_PATHS = "$(inherited) @executable_path/Frameworks";
				PRODUCT_BUNDLE_IDENTIFIER = com.istarindia.IOSExample;
				PRODUCT_NAME = "$(TARGET_NAME)";
				SWIFT_OBJC_BRIDGING_HEADER = "IOSExample/IOSExample-Bridging-Header.h";
				SWIFT_VERSION = 4.0;
				TARGETED_DEVICE_FAMILY = "1,2";
			};
			name = Release;
		};
		B94698811F7D49AC008985B9 /* Debug */ = {
			isa = XCBuildConfiguration;
			baseConfigurationReference = 2C03C40E53341F056FD7F915 /* Pods-IOSExampleTests.debug.xcconfig */;
			buildSettings = {
				ALWAYS_EMBED_SWIFT_STANDARD_LIBRARIES = YES;
				BUNDLE_LOADER = "$(TEST_HOST)";
				CODE_SIGN_STYLE = Automatic;
				INFOPLIST_FILE = IOSExampleTests/Info.plist;
				LD_RUNPATH_SEARCH_PATHS = "$(inherited) @executable_path/Frameworks @loader_path/Frameworks";
				PRODUCT_BUNDLE_IDENTIFIER = com.istarindia.IOSExampleTests;
				PRODUCT_NAME = "$(TARGET_NAME)";
				SWIFT_VERSION = 4.0;
				TARGETED_DEVICE_FAMILY = "1,2";
				TEST_HOST = "$(BUILT_PRODUCTS_DIR)/IOSExample.app/IOSExample";
			};
			name = Debug;
		};
		B94698821F7D49AC008985B9 /* Release */ = {
			isa = XCBuildConfiguration;
			baseConfigurationReference = 32B9036B0CEE3BB9CCFF5162 /* Pods-IOSExampleTests.release.xcconfig */;
			buildSettings = {
				ALWAYS_EMBED_SWIFT_STANDARD_LIBRARIES = YES;
				BUNDLE_LOADER = "$(TEST_HOST)";
				CODE_SIGN_STYLE = Automatic;
				INFOPLIST_FILE = IOSExampleTests/Info.plist;
				LD_RUNPATH_SEARCH_PATHS = "$(inherited) @executable_path/Frameworks @loader_path/Frameworks";
				PRODUCT_BUNDLE_IDENTIFIER = com.istarindia.IOSExampleTests;
				PRODUCT_NAME = "$(TARGET_NAME)";
				SWIFT_VERSION = 4.0;
				TARGETED_DEVICE_FAMILY = "1,2";
				TEST_HOST = "$(BUILT_PRODUCTS_DIR)/IOSExample.app/IOSExample";
			};
			name = Release;
		};
		B94698841F7D49AC008985B9 /* Debug */ = {
			isa = XCBuildConfiguration;
			baseConfigurationReference = 1918B816A24FB550EAA68003 /* Pods-IOSExampleUITests.debug.xcconfig */;
			buildSettings = {
				ALWAYS_EMBED_SWIFT_STANDARD_LIBRARIES = YES;
				CODE_SIGN_STYLE = Automatic;
				INFOPLIST_FILE = IOSExampleUITests/Info.plist;
				LD_RUNPATH_SEARCH_PATHS = "$(inherited) @executable_path/Frameworks @loader_path/Frameworks";
				PRODUCT_BUNDLE_IDENTIFIER = com.istarindia.IOSExampleUITests;
				PRODUCT_NAME = "$(TARGET_NAME)";
				SWIFT_VERSION = 4.0;
				TARGETED_DEVICE_FAMILY = "1,2";
				TEST_TARGET_NAME = IOSExample;
			};
			name = Debug;
		};
		B94698851F7D49AC008985B9 /* Release */ = {
			isa = XCBuildConfiguration;
			baseConfigurationReference = 08A5CA7658B9677B8C2FE405 /* Pods-IOSExampleUITests.release.xcconfig */;
			buildSettings = {
				ALWAYS_EMBED_SWIFT_STANDARD_LIBRARIES = YES;
				CODE_SIGN_STYLE = Automatic;
				INFOPLIST_FILE = IOSExampleUITests/Info.plist;
				LD_RUNPATH_SEARCH_PATHS = "$(inherited) @executable_path/Frameworks @loader_path/Frameworks";
				PRODUCT_BUNDLE_IDENTIFIER = com.istarindia.IOSExampleUITests;
				PRODUCT_NAME = "$(TARGET_NAME)";
				SWIFT_VERSION = 4.0;
				TARGETED_DEVICE_FAMILY = "1,2";
				TEST_TARGET_NAME = IOSExample;
			};
			name = Release;
		};
/* End XCBuildConfiguration section */

/* Begin XCConfigurationList section */
		B94698501F7D49AB008985B9 /* Build configuration list for PBXProject "IOSExample" */ = {
			isa = XCConfigurationList;
			buildConfigurations = (
				B946987B1F7D49AC008985B9 /* Debug */,
				B946987C1F7D49AC008985B9 /* Release */,
			);
			defaultConfigurationIsVisible = 0;
			defaultConfigurationName = Release;
		};
		B946987D1F7D49AC008985B9 /* Build configuration list for PBXNativeTarget "IOSExample" */ = {
			isa = XCConfigurationList;
			buildConfigurations = (
				B946987E1F7D49AC008985B9 /* Debug */,
				B946987F1F7D49AC008985B9 /* Release */,
			);
			defaultConfigurationIsVisible = 0;
			defaultConfigurationName = Release;
		};
		B94698801F7D49AC008985B9 /* Build configuration list for PBXNativeTarget "IOSExampleTests" */ = {
			isa = XCConfigurationList;
			buildConfigurations = (
				B94698811F7D49AC008985B9 /* Debug */,
				B94698821F7D49AC008985B9 /* Release */,
			);
			defaultConfigurationIsVisible = 0;
			defaultConfigurationName = Release;
		};
		B94698831F7D49AC008985B9 /* Build configuration list for PBXNativeTarget "IOSExampleUITests" */ = {
			isa = XCConfigurationList;
			buildConfigurations = (
				B94698841F7D49AC008985B9 /* Debug */,
				B94698851F7D49AC008985B9 /* Release */,
			);
			defaultConfigurationIsVisible = 0;
			defaultConfigurationName = Release;
		};
/* End XCConfigurationList section */
	};
	rootObject = B946984D1F7D49AB008985B9 /* Project object */;
}
